{
  "version": 4,
  "terraform_version": "1.9.8",
  "serial": 1,
  "lineage": "3bc0cdda-9dea-6820-0b8f-909d45a62067",
  "outputs": {},
  "resources": [
    {
      "mode": "managed",
      "type": "aws_vpc",
      "name": "base",
      "provider": "provider[\"registry.terraform.io/hashicorp/aws\"]",
      "instances": [
        {
          "schema_version": 1,
          "attributes": {
            "arn": "arn:aws:ec2:ap-south-1:975050254296:vpc/vpc-0a83a92db6663d34a",
            "assign_generated_ipv6_cidr_block": false,
            "cidr_block": "10.0.0.0/16",
            "default_network_acl_id": "acl-07ea350b9d8858bd0",
            "default_route_table_id": "rtb-0811a19f15dcf8bff",
            "default_security_group_id": "sg-01dd96df840bb14ce",
            "dhcp_options_id": "dopt-027573920be03fcac",
            "enable_dns_hostnames": false,
            "enable_dns_support": true,
            "enable_network_address_usage_metrics": false,
            "id": "vpc-0a83a92db6663d34a",
            "instance_tenancy": "default",
            "ipv4_ipam_pool_id": null,
            "ipv4_netmask_length": null,
            "ipv6_association_id": "",
            "ipv6_cidr_block": "",
            "ipv6_cidr_block_network_border_group": "",
            "ipv6_ipam_pool_id": "",
            "ipv6_netmask_length": 0,
            "main_route_table_id": "rtb-0811a19f15dcf8bff",
            "owner_id": "975050254296",
            "tags": {
              "Env": "Dev",
              "Name": "terraform",
              "project": "learning"
            },
            "tags_all": {
              "Env": "Dev",
              "Name": "terraform",
              "project": "learning"
            }
          },
          "sensitive_attributes": [],
          "private": "eyJzY2hlbWFfdmVyc2lvbiI6IjEifQ=="
        }
      ]
    }
  ],
  "check_results": null
}
